// !$*UTF8*$!
{
	archiveVersion = 1;
	classes = {
	};
	objectVersion = 56;
	objects = {

/* Begin PBXBuildFile section */
		D63C1E752AB384F000166AED /* FocusApp.swift in Sources */ = {isa = PBXBuildFile; fileRef = D63C1E742AB384F000166AED /* FocusApp.swift */; };
		D63C1E772AB384F000166AED /* FocusView.swift in Sources */ = {isa = PBXBuildFile; fileRef = D63C1E762AB384F000166AED /* FocusView.swift */; };
		D63C1E7C2AB384F400166AED /* Preview Assets.xcassets in Resources */ = {isa = PBXBuildFile; fileRef = D63C1E7B2AB384F400166AED /* Preview Assets.xcassets */; };
		D63C1E842ABBE52800166AED /* goofy.mp3 in Resources */ = {isa = PBXBuildFile; fileRef = D63C1E832ABBE52800166AED /* goofy.mp3 */; };
		D63C1E862ABBE85A00166AED /* ApplicationMenu.swift in Sources */ = {isa = PBXBuildFile; fileRef = D63C1E852ABBE85A00166AED /* ApplicationMenu.swift */; };
		D63C1E8A2ABE135D00166AED /* Assets.xcassets in Resources */ = {isa = PBXBuildFile; fileRef = D63C1E782AB384F400166AED /* Assets.xcassets */; };
		D63C1E8C2AC109FF00166AED /* CircularProgressView.swift in Sources */ = {isa = PBXBuildFile; fileRef = D63C1E8B2AC109FF00166AED /* CircularProgressView.swift */; };
		D63C1E8E2AC1183D00166AED /* PomodoroModel.swift in Sources */ = {isa = PBXBuildFile; fileRef = D63C1E8D2AC1183D00166AED /* PomodoroModel.swift */; };
		D6FCEE382AC349B4004B9F1E /* CustomSegmentedPicker.swift in Sources */ = {isa = PBXBuildFile; fileRef = D6FCEE372AC349B4004B9F1E /* CustomSegmentedPicker.swift */; };
		D6FCEE3A2AC3BBF1004B9F1E /* ringer.mp3 in Resources */ = {isa = PBXBuildFile; fileRef = D6FCEE392AC3BBF1004B9F1E /* ringer.mp3 */; };
		D6FCEE3D2AC4D36E004B9F1E /* AVFoundation.framework in Frameworks */ = {isa = PBXBuildFile; fileRef = D6FCEE3C2AC4D36E004B9F1E /* AVFoundation.framework */; };
/* End PBXBuildFile section */

/* Begin PBXFileReference section */
		D63C1E712AB384F000166AED /* Focus.app */ = {isa = PBXFileReference; explicitFileType = wrapper.application; includeInIndex = 0; path = Focus.app; sourceTree = BUILT_PRODUCTS_DIR; };
		D63C1E742AB384F000166AED /* FocusApp.swift */ = {isa = PBXFileReference; lastKnownFileType = sourcecode.swift; path = FocusApp.swift; sourceTree = "<group>"; };
		D63C1E762AB384F000166AED /* FocusView.swift */ = {isa = PBXFileReference; lastKnownFileType = sourcecode.swift; path = FocusView.swift; sourceTree = "<group>"; };
		D63C1E782AB384F400166AED /* Assets.xcassets */ = {isa = PBXFileReference; lastKnownFileType = folder.assetcatalog; path = Assets.xcassets; sourceTree = "<group>"; };
		D63C1E7B2AB384F400166AED /* Preview Assets.xcassets */ = {isa = PBXFileReference; lastKnownFileType = folder.assetcatalog; path = "Preview Assets.xcassets"; sourceTree = "<group>"; };
		D63C1E7D2AB384F400166AED /* Focus.entitlements */ = {isa = PBXFileReference; lastKnownFileType = text.plist.entitlements; path = Focus.entitlements; sourceTree = "<group>"; };
		D63C1E832ABBE52800166AED /* goofy.mp3 */ = {isa = PBXFileReference; lastKnownFileType = audio.mp3; path = goofy.mp3; sourceTree = "<group>"; };
		D63C1E852ABBE85A00166AED /* ApplicationMenu.swift */ = {isa = PBXFileReference; lastKnownFileType = sourcecode.swift; path = ApplicationMenu.swift; sourceTree = "<group>"; };
		D63C1E872ABBE9ED00166AED /* Info.plist */ = {isa = PBXFileReference; lastKnownFileType = text.plist; path = Info.plist; sourceTree = "<group>"; };
		D63C1E8B2AC109FF00166AED /* CircularProgressView.swift */ = {isa = PBXFileReference; lastKnownFileType = sourcecode.swift; path = CircularProgressView.swift; sourceTree = "<group>"; };
		D63C1E8D2AC1183D00166AED /* PomodoroModel.swift */ = {isa = PBXFileReference; lastKnownFileType = sourcecode.swift; path = PomodoroModel.swift; sourceTree = "<group>"; };
		D6FCEE372AC349B4004B9F1E /* CustomSegmentedPicker.swift */ = {isa = PBXFileReference; lastKnownFileType = sourcecode.swift; path = CustomSegmentedPicker.swift; sourceTree = "<group>"; };
		D6FCEE392AC3BBF1004B9F1E /* ringer.mp3 */ = {isa = PBXFileReference; lastKnownFileType = audio.mp3; path = ringer.mp3; sourceTree = "<group>"; };
		D6FCEE3C2AC4D36E004B9F1E /* AVFoundation.framework */ = {isa = PBXFileReference; lastKnownFileType = wrapper.framework; name = AVFoundation.framework; path = System/Library/Frameworks/AVFoundation.framework; sourceTree = SDKROOT; };
/* End PBXFileReference section */

/* Begin PBXFrameworksBuildPhase section */
		D63C1E6E2AB384F000166AED /* Frameworks */ = {
			isa = PBXFrameworksBuildPhase;
			buildActionMask = 2147483647;
			files = (
				D6FCEE3D2AC4D36E004B9F1E /* AVFoundation.framework in Frameworks */,
			);
			runOnlyForDeploymentPostprocessing = 0;
		};
/* End PBXFrameworksBuildPhase section */

/* Begin PBXGroup section */
		D63C1E682AB384F000166AED = {
			isa = PBXGroup;
			children = (
				D63C1E732AB384F000166AED /* Focus */,
				D63C1E722AB384F000166AED /* Products */,
				D6FCEE3B2AC4D36E004B9F1E /* Frameworks */,
			);
			sourceTree = "<group>";
		};
		D63C1E722AB384F000166AED /* Products */ = {
			isa = PBXGroup;
			children = (
				D63C1E712AB384F000166AED /* Focus.app */,
			);
			name = Products;
			sourceTree = "<group>";
		};
		D63C1E732AB384F000166AED /* Focus */ = {
			isa = PBXGroup;
			children = (
				D63C1E872ABBE9ED00166AED /* Info.plist */,
				D63C1E742AB384F000166AED /* FocusApp.swift */,
				D63C1E852ABBE85A00166AED /* ApplicationMenu.swift */,
				D63C1E762AB384F000166AED /* FocusView.swift */,
				D6FCEE372AC349B4004B9F1E /* CustomSegmentedPicker.swift */,
				D63C1E8D2AC1183D00166AED /* PomodoroModel.swift */,
				D63C1E8B2AC109FF00166AED /* CircularProgressView.swift */,
				D63C1E782AB384F400166AED /* Assets.xcassets */,
				D63C1E7D2AB384F400166AED /* Focus.entitlements */,
				D63C1E832ABBE52800166AED /* goofy.mp3 */,
				D6FCEE392AC3BBF1004B9F1E /* ringer.mp3 */,
				D63C1E7A2AB384F400166AED /* Preview Content */,
			);
			path = Focus;
			sourceTree = "<group>";
		};
		D63C1E7A2AB384F400166AED /* Preview Content */ = {
			isa = PBXGroup;
			children = (
				D63C1E7B2AB384F400166AED /* Preview Assets.xcassets */,
			);
			path = "Preview Content";
			sourceTree = "<group>";
		};
		D6FCEE3B2AC4D36E004B9F1E /* Frameworks */ = {
			isa = PBXGroup;
			children = (
				D6FCEE3C2AC4D36E004B9F1E /* AVFoundation.framework */,
			);
			name = Frameworks;
			sourceTree = "<group>";
		};
/* End PBXGroup section */

/* Begin PBXNativeTarget section */
		D63C1E702AB384F000166AED /* Focus */ = {
			isa = PBXNativeTarget;
			buildConfigurationList = D63C1E802AB384F400166AED /* Build configuration list for PBXNativeTarget "Focus" */;
			buildPhases = (
				D63C1E6D2AB384F000166AED /* Sources */,
				D63C1E6E2AB384F000166AED /* Frameworks */,
				D63C1E6F2AB384F000166AED /* Resources */,
			);
			buildRules = (
			);
			dependencies = (
			);
			name = Focus;
			productName = Focus;
			productReference = D63C1E712AB384F000166AED /* Focus.app */;
			productType = "com.apple.product-type.application";
		};
/* End PBXNativeTarget section */

/* Begin PBXProject section */
		D63C1E692AB384F000166AED /* Project object */ = {
			isa = PBXProject;
			attributes = {
				BuildIndependentTargetsInParallel = 1;
				LastSwiftUpdateCheck = 1420;
				LastUpgradeCheck = 1420;
				TargetAttributes = {
					D63C1E702AB384F000166AED = {
						CreatedOnToolsVersion = 14.2;
					};
				};
			};
			buildConfigurationList = D63C1E6C2AB384F000166AED /* Build configuration list for PBXProject "Focus" */;
			compatibilityVersion = "Xcode 14.0";
			developmentRegion = en;
			hasScannedForEncodings = 0;
			knownRegions = (
				en,
				Base,
			);
			mainGroup = D63C1E682AB384F000166AED;
			productRefGroup = D63C1E722AB384F000166AED /* Products */;
			projectDirPath = "";
			projectRoot = "";
			targets = (
				D63C1E702AB384F000166AED /* Focus */,
			);
		};
/* End PBXProject section */

/* Begin PBXResourcesBuildPhase section */
		D63C1E6F2AB384F000166AED /* Resources */ = {
			isa = PBXResourcesBuildPhase;
			buildActionMask = 2147483647;
			files = (
				D63C1E842ABBE52800166AED /* goofy.mp3 in Resources */,
				D63C1E8A2ABE135D00166AED /* Assets.xcassets in Resources */,
				D63C1E7C2AB384F400166AED /* Preview Assets.xcassets in Resources */,
				D6FCEE3A2AC3BBF1004B9F1E /* ringer.mp3 in Resources */,
			);
			runOnlyForDeploymentPostprocessing = 0;
		};
/* End PBXResourcesBuildPhase section */

/* Begin PBXSourcesBuildPhase section */
		D63C1E6D2AB384F000166AED /* Sources */ = {
			isa = PBXSourcesBuildPhase;
			buildActionMask = 2147483647;
			files = (
				D63C1E772AB384F000166AED /* FocusView.swift in Sources */,
				D63C1E862ABBE85A00166AED /* ApplicationMenu.swift in Sources */,
				D63C1E8E2AC1183D00166AED /* PomodoroModel.swift in Sources */,
				D63C1E8C2AC109FF00166AED /* CircularProgressView.swift in Sources */,
				D6FCEE382AC349B4004B9F1E /* CustomSegmentedPicker.swift in Sources */,
				D63C1E752AB384F000166AED /* FocusApp.swift in Sources */,
			);
			runOnlyForDeploymentPostprocessing = 0;
		};
/* End PBXSourcesBuildPhase section */

/* Begin XCBuildConfiguration section */
		D63C1E7E2AB384F400166AED /* Debug */ = {
			isa = XCBuildConfiguration;
			buildSettings = {
				ALWAYS_SEARCH_USER_PATHS = NO;
				CLANG_ANALYZER_NONNULL = YES;
				CLANG_ANALYZER_NUMBER_OBJECT_CONVERSION = YES_AGGRESSIVE;
				CLANG_CXX_LANGUAGE_STANDARD = "gnu++20";
				CLANG_ENABLE_MODULES = YES;
				CLANG_ENABLE_OBJC_ARC = YES;
				CLANG_ENABLE_OBJC_WEAK = YES;
				CLANG_WARN_BLOCK_CAPTURE_AUTORELEASING = YES;
				CLANG_WARN_BOOL_CONVERSION = YES;
				CLANG_WARN_COMMA = YES;
				CLANG_WARN_CONSTANT_CONVERSION = YES;
				CLANG_WARN_DEPRECATED_OBJC_IMPLEMENTATIONS = YES;
				CLANG_WARN_DIRECT_OBJC_ISA_USAGE = YES_ERROR;
				CLANG_WARN_DOCUMENTATION_COMMENTS = YES;
				CLANG_WARN_EMPTY_BODY = YES;
				CLANG_WARN_ENUM_CONVERSION = YES;
				CLANG_WARN_INFINITE_RECURSION = YES;
				CLANG_WARN_INT_CONVERSION = YES;
				CLANG_WARN_NON_LITERAL_NULL_CONVERSION = YES;
				CLANG_WARN_OBJC_IMPLICIT_RETAIN_SELF = YES;
				CLANG_WARN_OBJC_LITERAL_CONVERSION = YES;
				CLANG_WARN_OBJC_ROOT_CLASS = YES_ERROR;
				CLANG_WARN_QUOTED_INCLUDE_IN_FRAMEWORK_HEADER = YES;
				CLANG_WARN_RANGE_LOOP_ANALYSIS = YES;
				CLANG_WARN_STRICT_PROTOTYPES = YES;
				CLANG_WARN_SUSPICIOUS_MOVE = YES;
				CLANG_WARN_UNGUARDED_AVAILABILITY = YES_AGGRESSIVE;
				CLANG_WARN_UNREACHABLE_CODE = YES;
				CLANG_WARN__DUPLICATE_METHOD_MATCH = YES;
				COPY_PHASE_STRIP = NO;
				DEBUG_INFORMATION_FORMAT = dwarf;
				ENABLE_STRICT_OBJC_MSGSEND = YES;
				ENABLE_TESTABILITY = YES;
				GCC_C_LANGUAGE_STANDARD = gnu11;
				GCC_DYNAMIC_NO_PIC = NO;
				GCC_NO_COMMON_BLOCKS = YES;
				GCC_OPTIMIZATION_LEVEL = 0;
				GCC_PREPROCESSOR_DEFINITIONS = (
					"DEBUG=1",
					"$(inherited)",
				);
				GCC_WARN_64_TO_32_BIT_CONVERSION = YES;
				GCC_WARN_ABOUT_RETURN_TYPE = YES_ERROR;
				GCC_WARN_UNDECLARED_SELECTOR = YES;
				GCC_WARN_UNINITIALIZED_AUTOS = YES_AGGRESSIVE;
				GCC_WARN_UNUSED_FUNCTION = YES;
				GCC_WARN_UNUSED_VARIABLE = YES;
				MACOSX_DEPLOYMENT_TARGET = 12.5;
				MTL_ENABLE_DEBUG_INFO = INCLUDE_SOURCE;
				MTL_FAST_MATH = YES;
				ONLY_ACTIVE_ARCH = YES;
				SDKROOT = macosx;
				SWIFT_ACTIVE_COMPILATION_CONDITIONS = DEBUG;
				SWIFT_OPTIMIZATION_LEVEL = "-Onone";
			};
			name = Debug;
		};
		D63C1E7F2AB384F400166AED /* Release */ = {
			isa = XCBuildConfiguration;
			buildSettings = {
				ALWAYS_SEARCH_USER_PATHS = NO;
				CLANG_ANALYZER_NONNULL = YES;
				CLANG_ANALYZER_NUMBER_OBJECT_CONVERSION = YES_AGGRESSIVE;
				CLANG_CXX_LANGUAGE_STANDARD = "gnu++20";
				CLANG_ENABLE_MODULES = YES;
				CLANG_ENABLE_OBJC_ARC = YES;
				CLANG_ENABLE_OBJC_WEAK = YES;
				CLANG_WARN_BLOCK_CAPTURE_AUTORELEASING = YES;
				CLANG_WARN_BOOL_CONVERSION = YES;
				CLANG_WARN_COMMA = YES;
				CLANG_WARN_CONSTANT_CONVERSION = YES;
				CLANG_WARN_DEPRECATED_OBJC_IMPLEMENTATIONS = YES;
				CLANG_WARN_DIRECT_OBJC_ISA_USAGE = YES_ERROR;
				CLANG_WARN_DOCUMENTATION_COMMENTS = YES;
				CLANG_WARN_EMPTY_BODY = YES;
				CLANG_WARN_ENUM_CONVERSION = YES;
				CLANG_WARN_INFINITE_RECURSION = YES;
				CLANG_WARN_INT_CONVERSION = YES;
				CLANG_WARN_NON_LITERAL_NULL_CONVERSION = YES;
				CLANG_WARN_OBJC_IMPLICIT_RETAIN_SELF = YES;
				CLANG_WARN_OBJC_LITERAL_CONVERSION = YES;
				CLANG_WARN_OBJC_ROOT_CLASS = YES_ERROR;
				CLANG_WARN_QUOTED_INCLUDE_IN_FRAMEWORK_HEADER = YES;
				CLANG_WARN_RANGE_LOOP_ANALYSIS = YES;
				CLANG_WARN_STRICT_PROTOTYPES = YES;
				CLANG_WARN_SUSPICIOUS_MOVE = YES;
				CLANG_WARN_UNGUARDED_AVAILABILITY = YES_AGGRESSIVE;
				CLANG_WARN_UNREACHABLE_CODE = YES;
				CLANG_WARN__DUPLICATE_METHOD_MATCH = YES;
				COPY_PHASE_STRIP = NO;
				DEBUG_INFORMATION_FORMAT = "dwarf-with-dsym";
				ENABLE_NS_ASSERTIONS = NO;
				ENABLE_STRICT_OBJC_MSGSEND = YES;
				GCC_C_LANGUAGE_STANDARD = gnu11;
				GCC_NO_COMMON_BLOCKS = YES;
				GCC_WARN_64_TO_32_BIT_CONVERSION = YES;
				GCC_WARN_ABOUT_RETURN_TYPE = YES_ERROR;
				GCC_WARN_UNDECLARED_SELECTOR = YES;
				GCC_WARN_UNINITIALIZED_AUTOS = YES_AGGRESSIVE;
				GCC_WARN_UNUSED_FUNCTION = YES;
				GCC_WARN_UNUSED_VARIABLE = YES;
				MACOSX_DEPLOYMENT_TARGET = 12.5;
				MTL_ENABLE_DEBUG_INFO = NO;
				MTL_FAST_MATH = YES;
				SDKROOT = macosx;
				SWIFT_COMPILATION_MODE = wholemodule;
				SWIFT_OPTIMIZATION_LEVEL = "-O";
			};
			name = Release;
		};
		D63C1E812AB384F400166AED /* Debug */ = {
			isa = XCBuildConfiguration;
			buildSettings = {
				ASSETCATALOG_COMPILER_APPICON_NAME = AppIcon;
				ASSETCATALOG_COMPILER_GLOBAL_ACCENT_COLOR_NAME = AccentColor;
				ASSETCATALOG_COMPILER_INCLUDE_ALL_APPICON_ASSETS = YES;
				CODE_SIGN_ENTITLEMENTS = Focus/Focus.entitlements;
				CODE_SIGN_STYLE = Automatic;
				COMBINE_HIDPI_IMAGES = YES;
				CURRENT_PROJECT_VERSION = 1;
				DEVELOPMENT_ASSET_PATHS = "\"Focus/Preview Content\"";
				DEVELOPMENT_TEAM = ZFWM2SPFSV;
				ENABLE_HARDENED_RUNTIME = YES;
				ENABLE_PREVIEWS = YES;
				GENERATE_INFOPLIST_FILE = YES;
				INFOPLIST_FILE = Focus/Info.plist;
				INFOPLIST_KEY_LSUIElement = YES;
				INFOPLIST_KEY_NSHumanReadableCopyright = "";
				LD_RUNPATH_SEARCH_PATHS = (
					"$(inherited)",
					"@executable_path/../Frameworks",
				);
				MARKETING_VERSION = 1.0;
				PRODUCT_BUNDLE_IDENTIFIER = com.musababdullah.Focus;
				PRODUCT_NAME = "$(TARGET_NAME)";
				SWIFT_EMIT_LOC_STRINGS = YES;
				SWIFT_VERSION = 5.0;
			};
			name = Debug;
		};
		D63C1E822AB384F400166AED /* Release */ = {
			isa = XCBuildConfiguration;
			buildSettings = {
				ASSETCATALOG_COMPILER_APPICON_NAME = AppIcon;
				ASSETCATALOG_COMPILER_GLOBAL_ACCENT_COLOR_NAME = AccentColor;
				ASSETCATALOG_COMPILER_INCLUDE_ALL_APPICON_ASSETS = YES;
				CODE_SIGN_ENTITLEMENTS = Focus/Focus.entitlements;
				CODE_SIGN_STYLE = Automatic;
				COMBINE_HIDPI_IMAGES = YES;
				CURRENT_PROJECT_VERSION = 1;
				DEVELOPMENT_ASSET_PATHS = "\"Focus/Preview Content\"";
				DEVELOPMENT_TEAM = ZFWM2SPFSV;
				ENABLE_HARDENED_RUNTIME = YES;
				ENABLE_PREVIEWS = YES;
				GENERATE_INFOPLIST_FILE = YES;
				INFOPLIST_FILE = Focus/Info.plist;
				INFOPLIST_KEY_LSUIElement = YES;
				INFOPLIST_KEY_NSHumanReadableCopyright = "";
				LD_RUNPATH_SEARCH_PATHS = (
					"$(inherited)",
					"@executable_path/../Frameworks",
				);
				MARKETING_VERSION = 1.0;
				PRODUCT_BUNDLE_IDENTIFIER = com.musababdullah.Focus;
				PRODUCT_NAME = "$(TARGET_NAME)";
				SWIFT_EMIT_LOC_STRINGS = YES;
				SWIFT_VERSION = 5.0;
			};
			name = Release;
		};
/* End XCBuildConfiguration section */

/* Begin XCConfigurationList section */
		D63C1E6C2AB384F000166AED /* Build configuration list for PBXProject "Focus" */ = {
			isa = XCConfigurationList;
			buildConfigurations = (
				D63C1E7E2AB384F400166AED /* Debug */,
				D63C1E7F2AB384F400166AED /* Release */,
			);
			defaultConfigurationIsVisible = 0;
			defaultConfigurationName = Release;
		};
		D63C1E802AB384F400166AED /* Build configuration list for PBXNativeTarget "Focus" */ = {
			isa = XCConfigurationList;
			buildConfigurations = (
				D63C1E812AB384F400166AED /* Debug */,
				D63C1E822AB384F400166AED /* Release */,
			);
			defaultConfigurationIsVisible = 0;
			defaultConfigurationName = Release;
		};
/* End XCConfigurationList section */
	};
	rootObject = D63C1E692AB384F000166AED /* Project object */;
}
